// !$*UTF8*$!
{
	archiveVersion = 1;
	classes = {
	};
	objectVersion = 50;
	objects = {

/* Begin PBXBuildFile section */
		29A7F88C213F9FA600A74907 /* main.swift in Sources */ = {isa = PBXBuildFile; fileRef = 29A7F88B213F9FA600A74907 /* main.swift */; };
		29A7F894213F9FF900A74907 /* LinkedList.swift in Sources */ = {isa = PBXBuildFile; fileRef = 29A7F893213F9FF900A74907 /* LinkedList.swift */; };
		29A7F896213FABC200A74907 /* Utils.swift in Sources */ = {isa = PBXBuildFile; fileRef = 29A7F895213FABC200A74907 /* Utils.swift */; };
		29A7F89A213FABDB00A74907 /* Stack.swift in Sources */ = {isa = PBXBuildFile; fileRef = 29A7F897213FABDB00A74907 /* Stack.swift */; };
		29A7F89B213FABDB00A74907 /* CircularQueue.swift in Sources */ = {isa = PBXBuildFile; fileRef = 29A7F898213FABDB00A74907 /* CircularQueue.swift */; };
		29A7F89C213FABDB00A74907 /* Queue.swift in Sources */ = {isa = PBXBuildFile; fileRef = 29A7F899213FABDB00A74907 /* Queue.swift */; };
		29A7F89F213FAC0500A74907 /* 20Valid Parentheses.swift in Sources */ = {isa = PBXBuildFile; fileRef = 29A7F89E213FAC0500A74907 /* 20Valid Parentheses.swift */; };
		29A7F8A1213FAC2E00A74907 /* 203Remove Linked List Elements.swift in Sources */ = {isa = PBXBuildFile; fileRef = 29A7F8A0213FAC2E00A74907 /* 203Remove Linked List Elements.swift */; };
		29A7F8A3213FC44100A74907 /* BST.swift in Sources */ = {isa = PBXBuildFile; fileRef = 29A7F8A2213FC44100A74907 /* BST.swift */; };
		29E1AB942140C352000C6F06 /* BSTSet.swift in Sources */ = {isa = PBXBuildFile; fileRef = 29E1AB932140C352000C6F06 /* BSTSet.swift */; };
		29E1AB962140D46E000C6F06 /* 804Unique Morse Code Words.swift in Sources */ = {isa = PBXBuildFile; fileRef = 29E1AB952140D46E000C6F06 /* 804Unique Morse Code Words.swift */; };
		29E1AB982140DAAA000C6F06 /* LinkedListMap.swift in Sources */ = {isa = PBXBuildFile; fileRef = 29E1AB972140DAAA000C6F06 /* LinkedListMap.swift */; };
/* End PBXBuildFile section */

/* Begin PBXCopyFilesBuildPhase section */
		29A7F886213F9FA600A74907 /* CopyFiles */ = {
			isa = PBXCopyFilesBuildPhase;
			buildActionMask = 2147483647;
			dstPath = /usr/share/man/man1/;
			dstSubfolderSpec = 0;
			files = (
			);
			runOnlyForDeploymentPostprocessing = 1;
		};
/* End PBXCopyFilesBuildPhase section */

/* Begin PBXFileReference section */
		29A7F888213F9FA600A74907 /* Algorithm */ = {isa = PBXFileReference; explicitFileType = "compiled.mach-o.executable"; includeInIndex = 0; path = Algorithm; sourceTree = BUILT_PRODUCTS_DIR; };
		29A7F88B213F9FA600A74907 /* main.swift */ = {isa = PBXFileReference; lastKnownFileType = sourcecode.swift; path = main.swift; sourceTree = "<group>"; };
		29A7F893213F9FF900A74907 /* LinkedList.swift */ = {isa = PBXFileReference; lastKnownFileType = sourcecode.swift; path = LinkedList.swift; sourceTree = "<group>"; };
		29A7F895213FABC200A74907 /* Utils.swift */ = {isa = PBXFileReference; lastKnownFileType = sourcecode.swift; path = Utils.swift; sourceTree = "<group>"; };
		29A7F897213FABDB00A74907 /* Stack.swift */ = {isa = PBXFileReference; fileEncoding = 4; lastKnownFileType = sourcecode.swift; name = Stack.swift; path = ../../../Datastructure.playground/Sources/Stack.swift; sourceTree = "<group>"; };
		29A7F898213FABDB00A74907 /* CircularQueue.swift */ = {isa = PBXFileReference; fileEncoding = 4; lastKnownFileType = sourcecode.swift; name = CircularQueue.swift; path = ../../../Datastructure.playground/Sources/CircularQueue.swift; sourceTree = "<group>"; };
		29A7F899213FABDB00A74907 /* Queue.swift */ = {isa = PBXFileReference; fileEncoding = 4; lastKnownFileType = sourcecode.swift; name = Queue.swift; path = ../../../Datastructure.playground/Sources/Queue.swift; sourceTree = "<group>"; };
		29A7F89E213FAC0500A74907 /* 20Valid Parentheses.swift */ = {isa = PBXFileReference; lastKnownFileType = sourcecode.swift; path = "20Valid Parentheses.swift"; sourceTree = "<group>"; };
		29A7F8A0213FAC2E00A74907 /* 203Remove Linked List Elements.swift */ = {isa = PBXFileReference; lastKnownFileType = sourcecode.swift; path = "203Remove Linked List Elements.swift"; sourceTree = "<group>"; };
		29A7F8A2213FC44100A74907 /* BST.swift */ = {isa = PBXFileReference; lastKnownFileType = sourcecode.swift; path = BST.swift; sourceTree = "<group>"; };
		29E1AB932140C352000C6F06 /* BSTSet.swift */ = {isa = PBXFileReference; lastKnownFileType = sourcecode.swift; path = BSTSet.swift; sourceTree = "<group>"; };
		29E1AB952140D46E000C6F06 /* 804Unique Morse Code Words.swift */ = {isa = PBXFileReference; lastKnownFileType = sourcecode.swift; path = "804Unique Morse Code Words.swift"; sourceTree = "<group>"; };
		29E1AB972140DAAA000C6F06 /* LinkedListMap.swift */ = {isa = PBXFileReference; lastKnownFileType = sourcecode.swift; path = LinkedListMap.swift; sourceTree = "<group>"; };
/* End PBXFileReference section */

/* Begin PBXFrameworksBuildPhase section */
		29A7F885213F9FA600A74907 /* Frameworks */ = {
			isa = PBXFrameworksBuildPhase;
			buildActionMask = 2147483647;
			files = (
			);
			runOnlyForDeploymentPostprocessing = 0;
		};
/* End PBXFrameworksBuildPhase section */

/* Begin PBXGroup section */
		29A7F87F213F9FA600A74907 = {
			isa = PBXGroup;
			children = (
				29A7F88A213F9FA600A74907 /* Algorithm */,
				29A7F889213F9FA600A74907 /* Products */,
			);
			sourceTree = "<group>";
		};
		29A7F889213F9FA600A74907 /* Products */ = {
			isa = PBXGroup;
			children = (
				29A7F888213F9FA600A74907 /* Algorithm */,
			);
			name = Products;
			sourceTree = "<group>";
		};
		29A7F88A213F9FA600A74907 /* Algorithm */ = {
			isa = PBXGroup;
			children = (
				29A7F89D213FABE900A74907 /* LeetCode */,
				29A7F892213F9FD400A74907 /* Datastructure */,
				29A7F88B213F9FA600A74907 /* main.swift */,
			);
			path = Algorithm;
			sourceTree = "<group>";
		};
		29A7F892213F9FD400A74907 /* Datastructure */ = {
			isa = PBXGroup;
			children = (
				29A7F898213FABDB00A74907 /* CircularQueue.swift */,
				29A7F899213FABDB00A74907 /* Queue.swift */,
				29A7F897213FABDB00A74907 /* Stack.swift */,
				29A7F893213F9FF900A74907 /* LinkedList.swift */,
				29A7F895213FABC200A74907 /* Utils.swift */,
				29A7F8A2213FC44100A74907 /* BST.swift */,
				29E1AB932140C352000C6F06 /* BSTSet.swift */,
				29E1AB972140DAAA000C6F06 /* LinkedListMap.swift */,
			);
			path = Datastructure;
			sourceTree = "<group>";
		};
		29A7F89D213FABE900A74907 /* LeetCode */ = {
			isa = PBXGroup;
			children = (
				29A7F89E213FAC0500A74907 /* 20Valid Parentheses.swift */,
				29A7F8A0213FAC2E00A74907 /* 203Remove Linked List Elements.swift */,
				29E1AB952140D46E000C6F06 /* 804Unique Morse Code Words.swift */,
			);
			path = LeetCode;
			sourceTree = "<group>";
		};
/* End PBXGroup section */

/* Begin PBXNativeTarget section */
		29A7F887213F9FA600A74907 /* Algorithm */ = {
			isa = PBXNativeTarget;
			buildConfigurationList = 29A7F88F213F9FA700A74907 /* Build configuration list for PBXNativeTarget "Algorithm" */;
			buildPhases = (
				29A7F884213F9FA600A74907 /* Sources */,
				29A7F885213F9FA600A74907 /* Frameworks */,
				29A7F886213F9FA600A74907 /* CopyFiles */,
			);
			buildRules = (
			);
			dependencies = (
			);
			name = Algorithm;
			productName = Algorithm;
			productReference = 29A7F888213F9FA600A74907 /* Algorithm */;
			productType = "com.apple.product-type.tool";
		};
/* End PBXNativeTarget section */

/* Begin PBXProject section */
		29A7F880213F9FA600A74907 /* Project object */ = {
			isa = PBXProject;
			attributes = {
				LastSwiftUpdateCheck = 1000;
				LastUpgradeCheck = 1000;
				ORGANIZATIONNAME = amoyio;
				TargetAttributes = {
					29A7F887213F9FA600A74907 = {
						CreatedOnToolsVersion = 10.0;
					};
				};
			};
			buildConfigurationList = 29A7F883213F9FA600A74907 /* Build configuration list for PBXProject "Algorithm" */;
			compatibilityVersion = "Xcode 9.3";
			developmentRegion = en;
			hasScannedForEncodings = 0;
			knownRegions = (
				en,
			);
			mainGroup = 29A7F87F213F9FA600A74907;
			productRefGroup = 29A7F889213F9FA600A74907 /* Products */;
			projectDirPath = "";
			projectRoot = "";
			targets = (
				29A7F887213F9FA600A74907 /* Algorithm */,
			);
		};
/* End PBXProject section */

/* Begin PBXSourcesBuildPhase section */
		29A7F884213F9FA600A74907 /* Sources */ = {
			isa = PBXSourcesBuildPhase;
			buildActionMask = 2147483647;
			files = (
				29E1AB942140C352000C6F06 /* BSTSet.swift in Sources */,
				29A7F89B213FABDB00A74907 /* CircularQueue.swift in Sources */,
				29A7F89C213FABDB00A74907 /* Queue.swift in Sources */,
				29A7F8A1213FAC2E00A74907 /* 203Remove Linked List Elements.swift in Sources */,
				29A7F89A213FABDB00A74907 /* Stack.swift in Sources */,
				29A7F894213F9FF900A74907 /* LinkedList.swift in Sources */,
				29A7F89F213FAC0500A74907 /* 20Valid Parentheses.swift in Sources */,
				29A7F88C213F9FA600A74907 /* main.swift in Sources */,
				29A7F8A3213FC44100A74907 /* BST.swift in Sources */,
				29E1AB962140D46E000C6F06 /* 804Unique Morse Code Words.swift in Sources */,
				29A7F896213FABC200A74907 /* Utils.swift in Sources */,
				29E1AB982140DAAA000C6F06 /* LinkedListMap.swift in Sources */,
			);
			runOnlyForDeploymentPostprocessing = 0;
		};
/* End PBXSourcesBuildPhase section */

/* Begin XCBuildConfiguration section */
		29A7F88D213F9FA600A74907 /* Debug */ = {
			isa = XCBuildConfiguration;
			buildSettings = {
				ALWAYS_SEARCH_USER_PATHS = NO;
				CLANG_ANALYZER_NONNULL = YES;
				CLANG_ANALYZER_NUMBER_OBJECT_CONVERSION = YES_AGGRESSIVE;
				CLANG_CXX_LANGUAGE_STANDARD = "gnu++14";
				CLANG_CXX_LIBRARY = "libc++";
				CLANG_ENABLE_MODULES = YES;
				CLANG_ENABLE_OBJC_ARC = YES;
				CLANG_ENABLE_OBJC_WEAK = YES;
				CLANG_WARN_BLOCK_CAPTURE_AUTORELEASING = YES;
				CLANG_WARN_BOOL_CONVERSION = YES;
				CLANG_WARN_COMMA = YES;
				CLANG_WARN_CONSTANT_CONVERSION = YES;
				CLANG_WARN_DEPRECATED_OBJC_IMPLEMENTATIONS = YES;
				CLANG_WARN_DIRECT_OBJC_ISA_USAGE = YES_ERROR;
				CLANG_WARN_DOCUMENTATION_COMMENTS = YES;
				CLANG_WARN_EMPTY_BODY = YES;
				CLANG_WARN_ENUM_CONVERSION = YES;
				CLANG_WARN_INFINITE_RECURSION = YES;
				CLANG_WARN_INT_CONVERSION = YES;
				CLANG_WARN_NON_LITERAL_NULL_CONVERSION = YES;
				CLANG_WARN_OBJC_IMPLICIT_RETAIN_SELF = YES;
				CLANG_WARN_OBJC_LITERAL_CONVERSION = YES;
				CLANG_WARN_OBJC_ROOT_CLASS = YES_ERROR;
				CLANG_WARN_RANGE_LOOP_ANALYSIS = YES;
				CLANG_WARN_STRICT_PROTOTYPES = YES;
				CLANG_WARN_SUSPICIOUS_MOVE = YES;
				CLANG_WARN_UNGUARDED_AVAILABILITY = YES_AGGRESSIVE;
				CLANG_WARN_UNREACHABLE_CODE = YES;
				CLANG_WARN__DUPLICATE_METHOD_MATCH = YES;
				CODE_SIGN_IDENTITY = "Mac Developer";
				COPY_PHASE_STRIP = NO;
				DEBUG_INFORMATION_FORMAT = dwarf;
				ENABLE_STRICT_OBJC_MSGSEND = YES;
				ENABLE_TESTABILITY = YES;
				GCC_C_LANGUAGE_STANDARD = gnu11;
				GCC_DYNAMIC_NO_PIC = NO;
				GCC_NO_COMMON_BLOCKS = YES;
				GCC_OPTIMIZATION_LEVEL = 0;
				GCC_PREPROCESSOR_DEFINITIONS = (
					"DEBUG=1",
					"$(inherited)",
				);
				GCC_WARN_64_TO_32_BIT_CONVERSION = YES;
				GCC_WARN_ABOUT_RETURN_TYPE = YES_ERROR;
				GCC_WARN_UNDECLARED_SELECTOR = YES;
				GCC_WARN_UNINITIALIZED_AUTOS = YES_AGGRESSIVE;
				GCC_WARN_UNUSED_FUNCTION = YES;
				GCC_WARN_UNUSED_VARIABLE = YES;
				MACOSX_DEPLOYMENT_TARGET = 10.13;
				MTL_ENABLE_DEBUG_INFO = INCLUDE_SOURCE;
				MTL_FAST_MATH = YES;
				ONLY_ACTIVE_ARCH = YES;
				SDKROOT = macosx;
				SWIFT_ACTIVE_COMPILATION_CONDITIONS = DEBUG;
				SWIFT_OPTIMIZATION_LEVEL = "-Onone";
			};
			name = Debug;
		};
		29A7F88E213F9FA600A74907 /* Release */ = {
			isa = XCBuildConfiguration;
			buildSettings = {
				ALWAYS_SEARCH_USER_PATHS = NO;
				CLANG_ANALYZER_NONNULL = YES;
				CLANG_ANALYZER_NUMBER_OBJECT_CONVERSION = YES_AGGRESSIVE;
				CLANG_CXX_LANGUAGE_STANDARD = "gnu++14";
				CLANG_CXX_LIBRARY = "libc++";
				CLANG_ENABLE_MODULES = YES;
				CLANG_ENABLE_OBJC_ARC = YES;
				CLANG_ENABLE_OBJC_WEAK = YES;
				CLANG_WARN_BLOCK_CAPTURE_AUTORELEASING = YES;
				CLANG_WARN_BOOL_CONVERSION = YES;
				CLANG_WARN_COMMA = YES;
				CLANG_WARN_CONSTANT_CONVERSION = YES;
				CLANG_WARN_DEPRECATED_OBJC_IMPLEMENTATIONS = YES;
				CLANG_WARN_DIRECT_OBJC_ISA_USAGE = YES_ERROR;
				CLANG_WARN_DOCUMENTATION_COMMENTS = YES;
				CLANG_WARN_EMPTY_BODY = YES;
				CLANG_WARN_ENUM_CONVERSION = YES;
				CLANG_WARN_INFINITE_RECURSION = YES;
				CLANG_WARN_INT_CONVERSION = YES;
				CLANG_WARN_NON_LITERAL_NULL_CONVERSION = YES;
				CLANG_WARN_OBJC_IMPLICIT_RETAIN_SELF = YES;
				CLANG_WARN_OBJC_LITERAL_CONVERSION = YES;
				CLANG_WARN_OBJC_ROOT_CLASS = YES_ERROR;
				CLANG_WARN_RANGE_LOOP_ANALYSIS = YES;
				CLANG_WARN_STRICT_PROTOTYPES = YES;
				CLANG_WARN_SUSPICIOUS_MOVE = YES;
				CLANG_WARN_UNGUARDED_AVAILABILITY = YES_AGGRESSIVE;
				CLANG_WARN_UNREACHABLE_CODE = YES;
				CLANG_WARN__DUPLICATE_METHOD_MATCH = YES;
				CODE_SIGN_IDENTITY = "Mac Developer";
				COPY_PHASE_STRIP = NO;
				DEBUG_INFORMATION_FORMAT = "dwarf-with-dsym";
				ENABLE_NS_ASSERTIONS = NO;
				ENABLE_STRICT_OBJC_MSGSEND = YES;
				GCC_C_LANGUAGE_STANDARD = gnu11;
				GCC_NO_COMMON_BLOCKS = YES;
				GCC_WARN_64_TO_32_BIT_CONVERSION = YES;
				GCC_WARN_ABOUT_RETURN_TYPE = YES_ERROR;
				GCC_WARN_UNDECLARED_SELECTOR = YES;
				GCC_WARN_UNINITIALIZED_AUTOS = YES_AGGRESSIVE;
				GCC_WARN_UNUSED_FUNCTION = YES;
				GCC_WARN_UNUSED_VARIABLE = YES;
				MACOSX_DEPLOYMENT_TARGET = 10.13;
				MTL_ENABLE_DEBUG_INFO = NO;
				MTL_FAST_MATH = YES;
				SDKROOT = macosx;
				SWIFT_COMPILATION_MODE = wholemodule;
				SWIFT_OPTIMIZATION_LEVEL = "-O";
			};
			name = Release;
		};
		29A7F890213F9FA700A74907 /* Debug */ = {
			isa = XCBuildConfiguration;
			buildSettings = {
				CODE_SIGN_STYLE = Automatic;
				DEVELOPMENT_TEAM = 93GA46J68Y;
				PRODUCT_NAME = "$(TARGET_NAME)";
				SWIFT_VERSION = 4.2;
			};
			name = Debug;
		};
		29A7F891213F9FA700A74907 /* Release */ = {
			isa = XCBuildConfiguration;
			buildSettings = {
				CODE_SIGN_STYLE = Automatic;
				DEVELOPMENT_TEAM = 93GA46J68Y;
				PRODUCT_NAME = "$(TARGET_NAME)";
				SWIFT_VERSION = 4.2;
			};
			name = Release;
		};
/* End XCBuildConfiguration section */

/* Begin XCConfigurationList section */
		29A7F883213F9FA600A74907 /* Build configuration list for PBXProject "Algorithm" */ = {
			isa = XCConfigurationList;
			buildConfigurations = (
				29A7F88D213F9FA600A74907 /* Debug */,
				29A7F88E213F9FA600A74907 /* Release */,
			);
			defaultConfigurationIsVisible = 0;
			defaultConfigurationName = Release;
		};
		29A7F88F213F9FA700A74907 /* Build configuration list for PBXNativeTarget "Algorithm" */ = {
			isa = XCConfigurationList;
			buildConfigurations = (
				29A7F890213F9FA700A74907 /* Debug */,
				29A7F891213F9FA700A74907 /* Release */,
			);
			defaultConfigurationIsVisible = 0;
			defaultConfigurationName = Release;
		};
/* End XCConfigurationList section */
	};
	rootObject = 29A7F880213F9FA600A74907 /* Project object */;
}
